
Microsoft Visual Studio Solution File, Format Version 12.00
# Visual Studio Version 17
VisualStudioVersion = 17.0.32014.148
MinimumVisualStudioVersion = 10.0.40219.1
Project("{2150E333-8FDC-42A3-9474-1A3956D46DE8}") = "Services", "Services", "{641831ED-544E-4786-9AAF-8A1564B133B6}"
EndProject
Project("{2150E333-8FDC-42A3-9474-1A3956D46DE8}") = "Products", "Products", "{664E5CDF-8103-4C28-A9B9-293044FB1FB0}"
EndProject
Project("{9A19103F-16F7-4668-BE54-9A1E7A4F7556}") = "Products.API", "Services\Products\Products.API\Products.API.csproj", "{47DEA262-0F9E-43E1-B90F-DB4CAE04846E}"
EndProject
Project("{E53339B2-1760-4266-BCC7-CA923CBCF16C}") = "docker-compose", "docker-compose.dcproj", "{9B2E790A-AF30-4B5D-A9AD-C8B2C04EEF02}"
EndProject
Project("{2150E333-8FDC-42A3-9474-1A3956D46DE8}") = "Basket", "Basket", "{6835D953-62E6-488D-A6E6-054D30A89030}"
EndProject
Project("{9A19103F-16F7-4668-BE54-9A1E7A4F7556}") = "Basket.API", "Services\Basket\Basket.API\Basket.API.csproj", "{8FC826F7-F31F-4526-90D3-1B3F45416E2F}"
EndProject
Project("{2150E333-8FDC-42A3-9474-1A3956D46DE8}") = "Discount", "Discount", "{A4CF7176-5539-4B62-B99F-7FD81B3D31DC}"
EndProject
Project("{9A19103F-16F7-4668-BE54-9A1E7A4F7556}") = "Discount.API", "Services\Discount\Discount.API\Discount.API.csproj", "{A370C9E4-40B5-4821-8E7D-96601D845C42}"
EndProject
Project("{2150E333-8FDC-42A3-9474-1A3956D46DE8}") = "ApiGateways", "ApiGateways", "{84657A82-E7AE-438A-BEE8-52B41C25464D}"
EndProject
Project("{9A19103F-16F7-4668-BE54-9A1E7A4F7556}") = "ShoppingGateway", "ApiGateways\ShoppingGateway\ShoppingGateway.csproj", "{63AEBA02-02F3-4A83-A119-53FA3BCF9CAB}"
EndProject
Project("{9A19103F-16F7-4668-BE54-9A1E7A4F7556}") = "Discount.minAPI", "Services\Discount\Discount.minAPI\Discount.minAPI.csproj", "{346A9BF7-9222-4755-85F2-80ED3FCE03F6}"
EndProject
Project("{9A19103F-16F7-4668-BE54-9A1E7A4F7556}") = "Products.Aggregator", "ApiGateways\Products.Aggregator\Products.Aggregator.csproj", "{D88B799D-7EAB-4FB7-B74C-DC67E4E4604E}"
EndProject
Project("{FAE04EC0-301F-11D3-BF4B-00C04F79EFBC}") = "Marketing.Gateway", "ApiGateways\Marketing.Gateway\Marketing.Gateway.csproj", "{62021632-545D-47A6-9287-B1C330C14894}"
EndProject
Global
	GlobalSection(SolutionConfigurationPlatforms) = preSolution
		Debug|Any CPU = Debug|Any CPU
		Release|Any CPU = Release|Any CPU
	EndGlobalSection
	GlobalSection(ProjectConfigurationPlatforms) = postSolution
		{47DEA262-0F9E-43E1-B90F-DB4CAE04846E}.Debug|Any CPU.ActiveCfg = Debug|Any CPU
		{47DEA262-0F9E-43E1-B90F-DB4CAE04846E}.Debug|Any CPU.Build.0 = Debug|Any CPU
		{47DEA262-0F9E-43E1-B90F-DB4CAE04846E}.Release|Any CPU.ActiveCfg = Release|Any CPU
		{47DEA262-0F9E-43E1-B90F-DB4CAE04846E}.Release|Any CPU.Build.0 = Release|Any CPU
		{9B2E790A-AF30-4B5D-A9AD-C8B2C04EEF02}.Debug|Any CPU.ActiveCfg = Debug|Any CPU
		{9B2E790A-AF30-4B5D-A9AD-C8B2C04EEF02}.Debug|Any CPU.Build.0 = Debug|Any CPU
		{9B2E790A-AF30-4B5D-A9AD-C8B2C04EEF02}.Release|Any CPU.ActiveCfg = Release|Any CPU
		{9B2E790A-AF30-4B5D-A9AD-C8B2C04EEF02}.Release|Any CPU.Build.0 = Release|Any CPU
		{8FC826F7-F31F-4526-90D3-1B3F45416E2F}.Debug|Any CPU.ActiveCfg = Debug|Any CPU
		{8FC826F7-F31F-4526-90D3-1B3F45416E2F}.Debug|Any CPU.Build.0 = Debug|Any CPU
		{8FC826F7-F31F-4526-90D3-1B3F45416E2F}.Release|Any CPU.ActiveCfg = Release|Any CPU
		{8FC826F7-F31F-4526-90D3-1B3F45416E2F}.Release|Any CPU.Build.0 = Release|Any CPU
		{A370C9E4-40B5-4821-8E7D-96601D845C42}.Debug|Any CPU.ActiveCfg = Debug|Any CPU
		{A370C9E4-40B5-4821-8E7D-96601D845C42}.Debug|Any CPU.Build.0 = Debug|Any CPU
		{A370C9E4-40B5-4821-8E7D-96601D845C42}.Release|Any CPU.ActiveCfg = Release|Any CPU
		{A370C9E4-40B5-4821-8E7D-96601D845C42}.Release|Any CPU.Build.0 = Release|Any CPU
		{63AEBA02-02F3-4A83-A119-53FA3BCF9CAB}.Debug|Any CPU.ActiveCfg = Debug|Any CPU
		{63AEBA02-02F3-4A83-A119-53FA3BCF9CAB}.Debug|Any CPU.Build.0 = Debug|Any CPU
		{63AEBA02-02F3-4A83-A119-53FA3BCF9CAB}.Release|Any CPU.ActiveCfg = Release|Any CPU
		{63AEBA02-02F3-4A83-A119-53FA3BCF9CAB}.Release|Any CPU.Build.0 = Release|Any CPU
		{346A9BF7-9222-4755-85F2-80ED3FCE03F6}.Debug|Any CPU.ActiveCfg = Debug|Any CPU
		{346A9BF7-9222-4755-85F2-80ED3FCE03F6}.Debug|Any CPU.Build.0 = Debug|Any CPU
		{346A9BF7-9222-4755-85F2-80ED3FCE03F6}.Release|Any CPU.ActiveCfg = Release|Any CPU
		{346A9BF7-9222-4755-85F2-80ED3FCE03F6}.Release|Any CPU.Build.0 = Release|Any CPU
		{D88B799D-7EAB-4FB7-B74C-DC67E4E4604E}.Debug|Any CPU.ActiveCfg = Debug|Any CPU
		{D88B799D-7EAB-4FB7-B74C-DC67E4E4604E}.Debug|Any CPU.Build.0 = Debug|Any CPU
		{D88B799D-7EAB-4FB7-B74C-DC67E4E4604E}.Release|Any CPU.ActiveCfg = Release|Any CPU
		{D88B799D-7EAB-4FB7-B74C-DC67E4E4604E}.Release|Any CPU.Build.0 = Release|Any CPU
		{62021632-545D-47A6-9287-B1C330C14894}.Debug|Any CPU.ActiveCfg = Debug|Any CPU
		{62021632-545D-47A6-9287-B1C330C14894}.Debug|Any CPU.Build.0 = Debug|Any CPU
		{62021632-545D-47A6-9287-B1C330C14894}.Release|Any CPU.ActiveCfg = Release|Any CPU
		{62021632-545D-47A6-9287-B1C330C14894}.Release|Any CPU.Build.0 = Release|Any CPU
	EndGlobalSection
	GlobalSection(SolutionProperties) = preSolution
		HideSolutionNode = FALSE
	EndGlobalSection
	GlobalSection(NestedProjects) = preSolution
		{664E5CDF-8103-4C28-A9B9-293044FB1FB0} = {641831ED-544E-4786-9AAF-8A1564B133B6}
		{47DEA262-0F9E-43E1-B90F-DB4CAE04846E} = {664E5CDF-8103-4C28-A9B9-293044FB1FB0}
		{6835D953-62E6-488D-A6E6-054D30A89030} = {641831ED-544E-4786-9AAF-8A1564B133B6}
		{8FC826F7-F31F-4526-90D3-1B3F45416E2F} = {6835D953-62E6-488D-A6E6-054D30A89030}
		{A4CF7176-5539-4B62-B99F-7FD81B3D31DC} = {641831ED-544E-4786-9AAF-8A1564B133B6}
		{A370C9E4-40B5-4821-8E7D-96601D845C42} = {A4CF7176-5539-4B62-B99F-7FD81B3D31DC}
		{63AEBA02-02F3-4A83-A119-53FA3BCF9CAB} = {84657A82-E7AE-438A-BEE8-52B41C25464D}
		{346A9BF7-9222-4755-85F2-80ED3FCE03F6} = {A4CF7176-5539-4B62-B99F-7FD81B3D31DC}
		{D88B799D-7EAB-4FB7-B74C-DC67E4E4604E} = {84657A82-E7AE-438A-BEE8-52B41C25464D}
		{62021632-545D-47A6-9287-B1C330C14894} = {84657A82-E7AE-438A-BEE8-52B41C25464D}
	EndGlobalSection
	GlobalSection(ExtensibilityGlobals) = postSolution
		SolutionGuid = {89395D95-86FD-4BC3-B2AC-DC0D1F22C656}
	EndGlobalSection
EndGlobal
