
Microsoft Visual Studio Solution File, Format Version 12.00
# Visual Studio Version 17
VisualStudioVersion = 17.0.32014.148
MinimumVisualStudioVersion = 10.0.40219.1
Project("{2150E333-8FDC-42A3-9474-1A3956D46DE8}") = "Services", "Services", "{641831ED-544E-4786-9AAF-8A1564B133B6}"
EndProject
Project("{2150E333-8FDC-42A3-9474-1A3956D46DE8}") = "Products", "Products", "{664E5CDF-8103-4C28-A9B9-293044FB1FB0}"
EndProject
Project("{9A19103F-16F7-4668-BE54-9A1E7A4F7556}") = "Products.API", "Services\Products\Products.API\Products.API.csproj", "{47DEA262-0F9E-43E1-B90F-DB4CAE04846E}"
EndProject
Project("{E53339B2-1760-4266-BCC7-CA923CBCF16C}") = "docker-compose", "docker-compose.dcproj", "{9B2E790A-AF30-4B5D-A9AD-C8B2C04EEF02}"
EndProject
Project("{2150E333-8FDC-42A3-9474-1A3956D46DE8}") = "Basket", "Basket", "{6835D953-62E6-488D-A6E6-054D30A89030}"
EndProject
Project("{9A19103F-16F7-4668-BE54-9A1E7A4F7556}") = "Basket.API", "Services\Basket\Basket.API\Basket.API.csproj", "{8FC826F7-F31F-4526-90D3-1B3F45416E2F}"
EndProject
Project("{2150E333-8FDC-42A3-9474-1A3956D46DE8}") = "Discount", "Discount", "{A4CF7176-5539-4B62-B99F-7FD81B3D31DC}"
	ProjectSection(SolutionItems) = preProject
		.editorconfig = .editorconfig
	EndProjectSection
EndProject
Project("{2150E333-8FDC-42A3-9474-1A3956D46DE8}") = "ApiGateways", "ApiGateways", "{84657A82-E7AE-438A-BEE8-52B41C25464D}"
EndProject
Project("{9A19103F-16F7-4668-BE54-9A1E7A4F7556}") = "Discount.minAPI", "Services\Discount\Discount.minAPI\Discount.minAPI.csproj", "{346A9BF7-9222-4755-85F2-80ED3FCE03F6}"
EndProject
Project("{9A19103F-16F7-4668-BE54-9A1E7A4F7556}") = "Products.Aggregator", "ApiGateways\Products.Aggregator\Products.Aggregator.csproj", "{D88B799D-7EAB-4FB7-B74C-DC67E4E4604E}"
EndProject
Project("{9A19103F-16F7-4668-BE54-9A1E7A4F7556}") = "Marketing.Gateway", "ApiGateways\Marketing.Gateway\Marketing.Gateway.csproj", "{62021632-545D-47A6-9287-B1C330C14894}"
EndProject
Project("{9A19103F-16F7-4668-BE54-9A1E7A4F7556}") = "Admin.Gateway", "ApiGateways\Admin.Gateway\Admin.Gateway.csproj", "{D629FFA4-B06A-4F7C-887D-92576F790486}"
EndProject
Project("{2150E333-8FDC-42A3-9474-1A3956D46DE8}") = "ClientApps", "ClientApps", "{C3EC1547-AA18-478B-81F1-312054F9F6AC}"
EndProject
Project("{9A19103F-16F7-4668-BE54-9A1E7A4F7556}") = "Store.Gateway", "ApiGateways\Store.Gateway\Store.Gateway.csproj", "{BAD92053-5CC6-4461-8FD5-24A025AE3B21}"
EndProject
Project("{9A19103F-16F7-4668-BE54-9A1E7A4F7556}") = "Store.BlazorWasm", "ClientApps\Store.BlazorWasm\Store.BlazorWasm.csproj", "{711286D5-364B-47AD-9D98-12B690C9E322}"
EndProject
Project("{9A19103F-16F7-4668-BE54-9A1E7A4F7556}") = "Discount.Grpc", "Services\Discount\Discount.Grpc\Discount.Grpc.csproj", "{242A4835-097B-47E8-BF43-39E6FC826A5C}"
EndProject
Project("{2150E333-8FDC-42A3-9474-1A3956D46DE8}") = "Identity", "Identity", "{6F393E7C-97C3-4F41-9B99-F8D6332DE4DB}"
EndProject
Project("{9A19103F-16F7-4668-BE54-9A1E7A4F7556}") = "Identity.API", "Services\Identity\Identity.API\Identity.API.csproj", "{4A8931C8-8DC3-492A-988A-AA45BAF9BA0A}"
EndProject
Project("{2150E333-8FDC-42A3-9474-1A3956D46DE8}") = "Ordering", "Ordering", "{33B80F47-2743-4AFD-B123-04A2A3C0BA17}"
EndProject
Project("{9A19103F-16F7-4668-BE54-9A1E7A4F7556}") = "Ordering.API", "Services\Ordering\Ordering.API\Ordering.API.csproj", "{7ADD1FCF-1A70-4E68-8AF8-A14A9FD8D03F}"
EndProject
Project("{9A19103F-16F7-4668-BE54-9A1E7A4F7556}") = "Admin.BlazorServer", "ClientApps\Admin.BlazorServer\Admin.BlazorServer.csproj", "{75CEFB96-F248-48BA-8DA1-5DC7ED447A1D}"
EndProject
Project("{9A19103F-16F7-4668-BE54-9A1E7A4F7556}") = "Basket.UnitTests", "Services\Basket\Basket.UnitTests\Basket.UnitTests.csproj", "{6E91E44A-2626-46C9-BCA0-30306714FDC4}"
EndProject
Project("{9A19103F-16F7-4668-BE54-9A1E7A4F7556}") = "Ordering.UnitTests", "Services\Ordering\Ordering.UnitTests\Ordering.UnitTests.csproj", "{CDB31DC8-43BA-40AE-94B7-DB0F0FCE9237}"
EndProject
Project("{2150E333-8FDC-42A3-9474-1A3956D46DE8}") = "Inventory", "Inventory", "{6563446A-5A9D-4405-9AF0-D32A416B06BE}"
EndProject
Project("{9A19103F-16F7-4668-BE54-9A1E7A4F7556}") = "Inventory.API", "Services\Inventory\Inventory.API\Inventory.API.csproj", "{96142592-9A70-4852-8FEA-C5E77347338F}"
EndProject
Project("{2150E333-8FDC-42A3-9474-1A3956D46DE8}") = "AsyncMessaging", "AsyncMessaging", "{4EB0D67B-279A-4866-8AC7-D667759FA8F8}"
EndProject
Project("{9A19103F-16F7-4668-BE54-9A1E7A4F7556}") = "EventBus.Messages", "AsyncMessaging\EventBus.Messages\EventBus.Messages.csproj", "{82322395-086C-4F15-8AE8-F03E4C2CB2B8}"
EndProject
Project("{9A19103F-16F7-4668-BE54-9A1E7A4F7556}") = "ApplicationStatus", "ClientApps\ApplicationStatus\ApplicationStatus.csproj", "{8124D279-9DB2-4EB6-8EC4-37A30E1334AC}"
EndProject
Project("{2150E333-8FDC-42A3-9474-1A3956D46DE8}") = "Tests", "Tests", "{3FE54B05-B9EF-42E8-9EC1-FB881778ABD5}"
EndProject
Project("{9A19103F-16F7-4668-BE54-9A1E7A4F7556}") = "Store.PlaywrightTests", "ClientApps\Tests\Store.PlaywrightTests\Store.PlaywrightTests.csproj", "{D3403B2A-1511-42DB-B167-DC26EE2621E9}"
EndProject
Project("{9A19103F-16F7-4668-BE54-9A1E7A4F7556}") = "Store.bUnitTests", "ClientApps\Tests\Store.bUnitTests\Store.bUnitTests.csproj", "{1C7990B6-271A-466A-8F60-35597E4B6B41}"
EndProject
Project("{9A19103F-16F7-4668-BE54-9A1E7A4F7556}") = "Admin.bUnitTests", "ClientApps\Tests\Admin.bUnitTests\Admin.bUnitTests.csproj", "{89B5C757-380D-43C0-8AF3-7D4F9FC74BC2}"
EndProject
Project("{9A19103F-16F7-4668-BE54-9A1E7A4F7556}") = "Products.UnitTests", "Services\Products\Products.UnitTests\Products.UnitTests.csproj", "{24A996BD-7F65-4822-9893-4A6557E0DA99}"
EndProject
Project("{9A19103F-16F7-4668-BE54-9A1E7A4F7556}") = "Inventory.UnitTests", "Services\Inventory\Inventory.UnitTests\Inventory.UnitTests.csproj", "{A43C02BA-3F75-4603-AB4A-4D0B9C860D8F}"
EndProject
Project("{FAE04EC0-301F-11D3-BF4B-00C04F79EFBC}") = "Products.IntegrationTests", "Services\Products\Products.IntegrationTests\Products.IntegrationTests.csproj", "{81A53976-3EA9-40F0-A002-18D325B49D05}"
EndProject
Global
	GlobalSection(SolutionConfigurationPlatforms) = preSolution
		Debug|Any CPU = Debug|Any CPU
		Release|Any CPU = Release|Any CPU
	EndGlobalSection
	GlobalSection(ProjectConfigurationPlatforms) = postSolution
		{47DEA262-0F9E-43E1-B90F-DB4CAE04846E}.Debug|Any CPU.ActiveCfg = Debug|Any CPU
		{47DEA262-0F9E-43E1-B90F-DB4CAE04846E}.Debug|Any CPU.Build.0 = Debug|Any CPU
		{47DEA262-0F9E-43E1-B90F-DB4CAE04846E}.Release|Any CPU.ActiveCfg = Release|Any CPU
		{47DEA262-0F9E-43E1-B90F-DB4CAE04846E}.Release|Any CPU.Build.0 = Release|Any CPU
		{9B2E790A-AF30-4B5D-A9AD-C8B2C04EEF02}.Debug|Any CPU.ActiveCfg = Debug|Any CPU
		{9B2E790A-AF30-4B5D-A9AD-C8B2C04EEF02}.Debug|Any CPU.Build.0 = Debug|Any CPU
		{9B2E790A-AF30-4B5D-A9AD-C8B2C04EEF02}.Release|Any CPU.ActiveCfg = Release|Any CPU
		{9B2E790A-AF30-4B5D-A9AD-C8B2C04EEF02}.Release|Any CPU.Build.0 = Release|Any CPU
		{8FC826F7-F31F-4526-90D3-1B3F45416E2F}.Debug|Any CPU.ActiveCfg = Debug|Any CPU
		{8FC826F7-F31F-4526-90D3-1B3F45416E2F}.Debug|Any CPU.Build.0 = Debug|Any CPU
		{8FC826F7-F31F-4526-90D3-1B3F45416E2F}.Release|Any CPU.ActiveCfg = Release|Any CPU
		{8FC826F7-F31F-4526-90D3-1B3F45416E2F}.Release|Any CPU.Build.0 = Release|Any CPU
		{346A9BF7-9222-4755-85F2-80ED3FCE03F6}.Debug|Any CPU.ActiveCfg = Debug|Any CPU
		{346A9BF7-9222-4755-85F2-80ED3FCE03F6}.Debug|Any CPU.Build.0 = Debug|Any CPU
		{346A9BF7-9222-4755-85F2-80ED3FCE03F6}.Release|Any CPU.ActiveCfg = Release|Any CPU
		{346A9BF7-9222-4755-85F2-80ED3FCE03F6}.Release|Any CPU.Build.0 = Release|Any CPU
		{D88B799D-7EAB-4FB7-B74C-DC67E4E4604E}.Debug|Any CPU.ActiveCfg = Debug|Any CPU
		{D88B799D-7EAB-4FB7-B74C-DC67E4E4604E}.Debug|Any CPU.Build.0 = Debug|Any CPU
		{D88B799D-7EAB-4FB7-B74C-DC67E4E4604E}.Release|Any CPU.ActiveCfg = Release|Any CPU
		{D88B799D-7EAB-4FB7-B74C-DC67E4E4604E}.Release|Any CPU.Build.0 = Release|Any CPU
		{62021632-545D-47A6-9287-B1C330C14894}.Debug|Any CPU.ActiveCfg = Debug|Any CPU
		{62021632-545D-47A6-9287-B1C330C14894}.Debug|Any CPU.Build.0 = Debug|Any CPU
		{62021632-545D-47A6-9287-B1C330C14894}.Release|Any CPU.ActiveCfg = Release|Any CPU
		{62021632-545D-47A6-9287-B1C330C14894}.Release|Any CPU.Build.0 = Release|Any CPU
		{D629FFA4-B06A-4F7C-887D-92576F790486}.Debug|Any CPU.ActiveCfg = Debug|Any CPU
		{D629FFA4-B06A-4F7C-887D-92576F790486}.Debug|Any CPU.Build.0 = Debug|Any CPU
		{D629FFA4-B06A-4F7C-887D-92576F790486}.Release|Any CPU.ActiveCfg = Release|Any CPU
		{D629FFA4-B06A-4F7C-887D-92576F790486}.Release|Any CPU.Build.0 = Release|Any CPU
		{BAD92053-5CC6-4461-8FD5-24A025AE3B21}.Debug|Any CPU.ActiveCfg = Debug|Any CPU
		{BAD92053-5CC6-4461-8FD5-24A025AE3B21}.Debug|Any CPU.Build.0 = Debug|Any CPU
		{BAD92053-5CC6-4461-8FD5-24A025AE3B21}.Release|Any CPU.ActiveCfg = Release|Any CPU
		{BAD92053-5CC6-4461-8FD5-24A025AE3B21}.Release|Any CPU.Build.0 = Release|Any CPU
		{711286D5-364B-47AD-9D98-12B690C9E322}.Debug|Any CPU.ActiveCfg = Debug|Any CPU
		{711286D5-364B-47AD-9D98-12B690C9E322}.Debug|Any CPU.Build.0 = Debug|Any CPU
		{711286D5-364B-47AD-9D98-12B690C9E322}.Release|Any CPU.ActiveCfg = Release|Any CPU
		{711286D5-364B-47AD-9D98-12B690C9E322}.Release|Any CPU.Build.0 = Release|Any CPU
		{242A4835-097B-47E8-BF43-39E6FC826A5C}.Debug|Any CPU.ActiveCfg = Debug|Any CPU
		{242A4835-097B-47E8-BF43-39E6FC826A5C}.Debug|Any CPU.Build.0 = Debug|Any CPU
		{242A4835-097B-47E8-BF43-39E6FC826A5C}.Release|Any CPU.ActiveCfg = Release|Any CPU
		{242A4835-097B-47E8-BF43-39E6FC826A5C}.Release|Any CPU.Build.0 = Release|Any CPU
		{4A8931C8-8DC3-492A-988A-AA45BAF9BA0A}.Debug|Any CPU.ActiveCfg = Debug|Any CPU
		{4A8931C8-8DC3-492A-988A-AA45BAF9BA0A}.Debug|Any CPU.Build.0 = Debug|Any CPU
		{4A8931C8-8DC3-492A-988A-AA45BAF9BA0A}.Release|Any CPU.ActiveCfg = Release|Any CPU
		{4A8931C8-8DC3-492A-988A-AA45BAF9BA0A}.Release|Any CPU.Build.0 = Release|Any CPU
		{7ADD1FCF-1A70-4E68-8AF8-A14A9FD8D03F}.Debug|Any CPU.ActiveCfg = Debug|Any CPU
		{7ADD1FCF-1A70-4E68-8AF8-A14A9FD8D03F}.Debug|Any CPU.Build.0 = Debug|Any CPU
		{7ADD1FCF-1A70-4E68-8AF8-A14A9FD8D03F}.Release|Any CPU.ActiveCfg = Release|Any CPU
		{7ADD1FCF-1A70-4E68-8AF8-A14A9FD8D03F}.Release|Any CPU.Build.0 = Release|Any CPU
		{75CEFB96-F248-48BA-8DA1-5DC7ED447A1D}.Debug|Any CPU.ActiveCfg = Debug|Any CPU
		{75CEFB96-F248-48BA-8DA1-5DC7ED447A1D}.Debug|Any CPU.Build.0 = Debug|Any CPU
		{75CEFB96-F248-48BA-8DA1-5DC7ED447A1D}.Release|Any CPU.ActiveCfg = Release|Any CPU
		{75CEFB96-F248-48BA-8DA1-5DC7ED447A1D}.Release|Any CPU.Build.0 = Release|Any CPU
		{6E91E44A-2626-46C9-BCA0-30306714FDC4}.Debug|Any CPU.ActiveCfg = Debug|Any CPU
		{6E91E44A-2626-46C9-BCA0-30306714FDC4}.Debug|Any CPU.Build.0 = Debug|Any CPU
		{6E91E44A-2626-46C9-BCA0-30306714FDC4}.Release|Any CPU.ActiveCfg = Release|Any CPU
		{6E91E44A-2626-46C9-BCA0-30306714FDC4}.Release|Any CPU.Build.0 = Release|Any CPU
		{CDB31DC8-43BA-40AE-94B7-DB0F0FCE9237}.Debug|Any CPU.ActiveCfg = Debug|Any CPU
		{CDB31DC8-43BA-40AE-94B7-DB0F0FCE9237}.Debug|Any CPU.Build.0 = Debug|Any CPU
		{CDB31DC8-43BA-40AE-94B7-DB0F0FCE9237}.Release|Any CPU.ActiveCfg = Release|Any CPU
		{CDB31DC8-43BA-40AE-94B7-DB0F0FCE9237}.Release|Any CPU.Build.0 = Release|Any CPU
		{96142592-9A70-4852-8FEA-C5E77347338F}.Debug|Any CPU.ActiveCfg = Debug|Any CPU
		{96142592-9A70-4852-8FEA-C5E77347338F}.Debug|Any CPU.Build.0 = Debug|Any CPU
		{96142592-9A70-4852-8FEA-C5E77347338F}.Release|Any CPU.ActiveCfg = Release|Any CPU
		{96142592-9A70-4852-8FEA-C5E77347338F}.Release|Any CPU.Build.0 = Release|Any CPU
		{82322395-086C-4F15-8AE8-F03E4C2CB2B8}.Debug|Any CPU.ActiveCfg = Debug|Any CPU
		{82322395-086C-4F15-8AE8-F03E4C2CB2B8}.Debug|Any CPU.Build.0 = Debug|Any CPU
		{82322395-086C-4F15-8AE8-F03E4C2CB2B8}.Release|Any CPU.ActiveCfg = Release|Any CPU
		{82322395-086C-4F15-8AE8-F03E4C2CB2B8}.Release|Any CPU.Build.0 = Release|Any CPU
		{8124D279-9DB2-4EB6-8EC4-37A30E1334AC}.Debug|Any CPU.ActiveCfg = Debug|Any CPU
		{8124D279-9DB2-4EB6-8EC4-37A30E1334AC}.Debug|Any CPU.Build.0 = Debug|Any CPU
		{8124D279-9DB2-4EB6-8EC4-37A30E1334AC}.Release|Any CPU.ActiveCfg = Release|Any CPU
		{8124D279-9DB2-4EB6-8EC4-37A30E1334AC}.Release|Any CPU.Build.0 = Release|Any CPU
		{D3403B2A-1511-42DB-B167-DC26EE2621E9}.Debug|Any CPU.ActiveCfg = Debug|Any CPU
		{D3403B2A-1511-42DB-B167-DC26EE2621E9}.Debug|Any CPU.Build.0 = Debug|Any CPU
		{D3403B2A-1511-42DB-B167-DC26EE2621E9}.Release|Any CPU.ActiveCfg = Release|Any CPU
		{D3403B2A-1511-42DB-B167-DC26EE2621E9}.Release|Any CPU.Build.0 = Release|Any CPU
		{1C7990B6-271A-466A-8F60-35597E4B6B41}.Debug|Any CPU.ActiveCfg = Debug|Any CPU
		{1C7990B6-271A-466A-8F60-35597E4B6B41}.Debug|Any CPU.Build.0 = Debug|Any CPU
		{1C7990B6-271A-466A-8F60-35597E4B6B41}.Release|Any CPU.ActiveCfg = Release|Any CPU
		{1C7990B6-271A-466A-8F60-35597E4B6B41}.Release|Any CPU.Build.0 = Release|Any CPU
		{89B5C757-380D-43C0-8AF3-7D4F9FC74BC2}.Debug|Any CPU.ActiveCfg = Debug|Any CPU
		{89B5C757-380D-43C0-8AF3-7D4F9FC74BC2}.Debug|Any CPU.Build.0 = Debug|Any CPU
		{89B5C757-380D-43C0-8AF3-7D4F9FC74BC2}.Release|Any CPU.ActiveCfg = Release|Any CPU
		{89B5C757-380D-43C0-8AF3-7D4F9FC74BC2}.Release|Any CPU.Build.0 = Release|Any CPU
		{24A996BD-7F65-4822-9893-4A6557E0DA99}.Debug|Any CPU.ActiveCfg = Debug|Any CPU
		{24A996BD-7F65-4822-9893-4A6557E0DA99}.Debug|Any CPU.Build.0 = Debug|Any CPU
		{24A996BD-7F65-4822-9893-4A6557E0DA99}.Release|Any CPU.ActiveCfg = Release|Any CPU
		{24A996BD-7F65-4822-9893-4A6557E0DA99}.Release|Any CPU.Build.0 = Release|Any CPU
		{A43C02BA-3F75-4603-AB4A-4D0B9C860D8F}.Debug|Any CPU.ActiveCfg = Debug|Any CPU
		{A43C02BA-3F75-4603-AB4A-4D0B9C860D8F}.Debug|Any CPU.Build.0 = Debug|Any CPU
		{A43C02BA-3F75-4603-AB4A-4D0B9C860D8F}.Release|Any CPU.ActiveCfg = Release|Any CPU
		{A43C02BA-3F75-4603-AB4A-4D0B9C860D8F}.Release|Any CPU.Build.0 = Release|Any CPU
		{81A53976-3EA9-40F0-A002-18D325B49D05}.Debug|Any CPU.ActiveCfg = Debug|Any CPU
		{81A53976-3EA9-40F0-A002-18D325B49D05}.Debug|Any CPU.Build.0 = Debug|Any CPU
		{81A53976-3EA9-40F0-A002-18D325B49D05}.Release|Any CPU.ActiveCfg = Release|Any CPU
		{81A53976-3EA9-40F0-A002-18D325B49D05}.Release|Any CPU.Build.0 = Release|Any CPU
	EndGlobalSection
	GlobalSection(SolutionProperties) = preSolution
		HideSolutionNode = FALSE
	EndGlobalSection
	GlobalSection(NestedProjects) = preSolution
		{664E5CDF-8103-4C28-A9B9-293044FB1FB0} = {641831ED-544E-4786-9AAF-8A1564B133B6}
		{47DEA262-0F9E-43E1-B90F-DB4CAE04846E} = {664E5CDF-8103-4C28-A9B9-293044FB1FB0}
		{6835D953-62E6-488D-A6E6-054D30A89030} = {641831ED-544E-4786-9AAF-8A1564B133B6}
		{8FC826F7-F31F-4526-90D3-1B3F45416E2F} = {6835D953-62E6-488D-A6E6-054D30A89030}
		{A4CF7176-5539-4B62-B99F-7FD81B3D31DC} = {641831ED-544E-4786-9AAF-8A1564B133B6}
		{346A9BF7-9222-4755-85F2-80ED3FCE03F6} = {A4CF7176-5539-4B62-B99F-7FD81B3D31DC}
		{D88B799D-7EAB-4FB7-B74C-DC67E4E4604E} = {84657A82-E7AE-438A-BEE8-52B41C25464D}
		{62021632-545D-47A6-9287-B1C330C14894} = {84657A82-E7AE-438A-BEE8-52B41C25464D}
		{D629FFA4-B06A-4F7C-887D-92576F790486} = {84657A82-E7AE-438A-BEE8-52B41C25464D}
		{BAD92053-5CC6-4461-8FD5-24A025AE3B21} = {84657A82-E7AE-438A-BEE8-52B41C25464D}
		{711286D5-364B-47AD-9D98-12B690C9E322} = {C3EC1547-AA18-478B-81F1-312054F9F6AC}
		{242A4835-097B-47E8-BF43-39E6FC826A5C} = {A4CF7176-5539-4B62-B99F-7FD81B3D31DC}
		{6F393E7C-97C3-4F41-9B99-F8D6332DE4DB} = {641831ED-544E-4786-9AAF-8A1564B133B6}
		{4A8931C8-8DC3-492A-988A-AA45BAF9BA0A} = {6F393E7C-97C3-4F41-9B99-F8D6332DE4DB}
		{33B80F47-2743-4AFD-B123-04A2A3C0BA17} = {641831ED-544E-4786-9AAF-8A1564B133B6}
		{7ADD1FCF-1A70-4E68-8AF8-A14A9FD8D03F} = {33B80F47-2743-4AFD-B123-04A2A3C0BA17}
		{75CEFB96-F248-48BA-8DA1-5DC7ED447A1D} = {C3EC1547-AA18-478B-81F1-312054F9F6AC}
		{6E91E44A-2626-46C9-BCA0-30306714FDC4} = {6835D953-62E6-488D-A6E6-054D30A89030}
		{CDB31DC8-43BA-40AE-94B7-DB0F0FCE9237} = {33B80F47-2743-4AFD-B123-04A2A3C0BA17}
		{6563446A-5A9D-4405-9AF0-D32A416B06BE} = {641831ED-544E-4786-9AAF-8A1564B133B6}
		{96142592-9A70-4852-8FEA-C5E77347338F} = {6563446A-5A9D-4405-9AF0-D32A416B06BE}
		{82322395-086C-4F15-8AE8-F03E4C2CB2B8} = {4EB0D67B-279A-4866-8AC7-D667759FA8F8}
		{8124D279-9DB2-4EB6-8EC4-37A30E1334AC} = {C3EC1547-AA18-478B-81F1-312054F9F6AC}
		{3FE54B05-B9EF-42E8-9EC1-FB881778ABD5} = {C3EC1547-AA18-478B-81F1-312054F9F6AC}
		{D3403B2A-1511-42DB-B167-DC26EE2621E9} = {3FE54B05-B9EF-42E8-9EC1-FB881778ABD5}
		{1C7990B6-271A-466A-8F60-35597E4B6B41} = {3FE54B05-B9EF-42E8-9EC1-FB881778ABD5}
		{89B5C757-380D-43C0-8AF3-7D4F9FC74BC2} = {3FE54B05-B9EF-42E8-9EC1-FB881778ABD5}
		{24A996BD-7F65-4822-9893-4A6557E0DA99} = {664E5CDF-8103-4C28-A9B9-293044FB1FB0}
		{A43C02BA-3F75-4603-AB4A-4D0B9C860D8F} = {6563446A-5A9D-4405-9AF0-D32A416B06BE}
		{81A53976-3EA9-40F0-A002-18D325B49D05} = {664E5CDF-8103-4C28-A9B9-293044FB1FB0}
	EndGlobalSection
	GlobalSection(ExtensibilityGlobals) = postSolution
		SolutionGuid = {89395D95-86FD-4BC3-B2AC-DC0D1F22C656}
	EndGlobalSection
EndGlobal
